
Microsoft Visual Studio Solution File, Format Version 12.00
# Visual Studio Version 17
VisualStudioVersion = 17.2.32602.215
MinimumVisualStudioVersion = 10.0.40219.1
Project("{FAE04EC0-301F-11D3-BF4B-00C04F79EFBC}") = "DZ_class2_", "DZ_class2_\DZ_class2_.csproj", "{064F603F-F617-4136-8315-CB63882C1CCF}"
EndProject
Global
	GlobalSection(SolutionConfigurationPlatforms) = preSolution
		Debug|Any CPU = Debug|Any CPU
		Release|Any CPU = Release|Any CPU
	EndGlobalSection
	GlobalSection(ProjectConfigurationPlatforms) = postSolution
		{064F603F-F617-4136-8315-CB63882C1CCF}.Debug|Any CPU.ActiveCfg = Debug|Any CPU
		{064F603F-F617-4136-8315-CB63882C1CCF}.Debug|Any CPU.Build.0 = Debug|Any CPU
		{064F603F-F617-4136-8315-CB63882C1CCF}.Release|Any CPU.ActiveCfg = Release|Any CPU
		{064F603F-F617-4136-8315-CB63882C1CCF}.Release|Any CPU.Build.0 = Release|Any CPU
	EndGlobalSection
	GlobalSection(SolutionProperties) = preSolution
		HideSolutionNode = FALSE
	EndGlobalSection
	GlobalSection(ExtensibilityGlobals) = postSolution
		SolutionGuid = {DDAD3323-07BE-46C5-B1CB-55119AEAABC1}
	EndGlobalSection
EndGlobal
